PODS:
  - Capacitor (5.7.6):
    - CapacitorCordova
  - CapacitorCamera (5.0.10):
    - Capacitor
  - CapacitorCordova (5.7.6)
  - CapacitorSplashScreen (5.0.8):
    - Capacitor

DEPENDENCIES:
  - "Capacitor (from `../../node_modules/.pnpm/@capacitor+ios@5.7.6_@capacitor+core@5.7.6/node_modules/@capacitor/ios`)"
  - "CapacitorCamera (from `../../node_modules/.pnpm/@capacitor+camera@5.0.10_@capacitor+core@5.7.6/node_modules/@capacitor/camera`)"
  - "CapacitorCordova (from `../../node_modules/.pnpm/@capacitor+ios@5.7.6_@capacitor+core@5.7.6/node_modules/@capacitor/ios`)"
  - "CapacitorSplashScreen (from `../../node_modules/.pnpm/@capacitor+splash-screen@5.0.8_@capacitor+core@5.7.6/node_modules/@capacitor/splash-screen`)"

EXTERNAL SOURCES:
  Capacitor:
    :path: "../../node_modules/.pnpm/@capacitor+ios@5.7.6_@capacitor+core@5.7.6/node_modules/@capacitor/ios"
  CapacitorCamera:
    :path: "../../node_modules/.pnpm/@capacitor+camera@5.0.10_@capacitor+core@5.7.6/node_modules/@capacitor/camera"
  CapacitorCordova:
    :path: "../../node_modules/.pnpm/@capacitor+ios@5.7.6_@capacitor+core@5.7.6/node_modules/@capacitor/ios"
  CapacitorSplashScreen:
    :path: "../../node_modules/.pnpm/@capacitor+splash-screen@5.0.8_@capacitor+core@5.7.6/node_modules/@capacitor/splash-screen"

SPEC CHECKSUMS:
  Capacitor: 6e86d6f68a9348c76b6da7349ab3ee4a9edd3b9a
  CapacitorCamera: d333715364b5d85422c627aae6db87ef6161352c
  CapacitorCordova: 46df0372f7768ff20aa659ba1658b5d7315ea42a
  CapacitorSplashScreen: 7a69e693bc1ef83e4bd3fb073bd8c8fa33e9059e

PODFILE CHECKSUM: 5cda3aea0e075d084693bb58c82c31aef0ef026a

COCOAPODS: 1.15.2
