PODS:
  - Capacitor (5.7.8):
    - CapacitorCordova
  - CapacitorCamera (5.0.10):
    - Capacitor
  - CapacitorCordova (5.7.8)
  - CapacitorSplashScreen (5.0.8):
    - Capacitor

DEPENDENCIES:
  - "Capacitor (from `../../node_modules/.pnpm/@capacitor+ios@5.7.8_@capacitor+core@5.7.8/node_modules/@capacitor/ios`)"
  - "CapacitorCamera (from `../../node_modules/.pnpm/@capacitor+camera@5.0.10_@capacitor+core@5.7.8/node_modules/@capacitor/camera`)"
  - "CapacitorCordova (from `../../node_modules/.pnpm/@capacitor+ios@5.7.8_@capacitor+core@5.7.8/node_modules/@capacitor/ios`)"
  - "CapacitorSplashScreen (from `../../node_modules/.pnpm/@capacitor+splash-screen@5.0.8_@capacitor+core@5.7.8/node_modules/@capacitor/splash-screen`)"

EXTERNAL SOURCES:
  Capacitor:
    :path: "../../node_modules/.pnpm/@capacitor+ios@5.7.8_@capacitor+core@5.7.8/node_modules/@capacitor/ios"
  CapacitorCamera:
    :path: "../../node_modules/.pnpm/@capacitor+camera@5.0.10_@capacitor+core@5.7.8/node_modules/@capacitor/camera"
  CapacitorCordova:
    :path: "../../node_modules/.pnpm/@capacitor+ios@5.7.8_@capacitor+core@5.7.8/node_modules/@capacitor/ios"
  CapacitorSplashScreen:
    :path: "../../node_modules/.pnpm/@capacitor+splash-screen@5.0.8_@capacitor+core@5.7.8/node_modules/@capacitor/splash-screen"

SPEC CHECKSUMS:
  Capacitor: 747aadb4fa786f460d8cd9d0557cb81440a13747
  CapacitorCamera: d333715364b5d85422c627aae6db87ef6161352c
  CapacitorCordova: 31ab98dca2ddcee051027a1afe7e8c85c82f7297
  CapacitorSplashScreen: 7a69e693bc1ef83e4bd3fb073bd8c8fa33e9059e

PODFILE CHECKSUM: 7979079e7318fe08e3f4d3a92691151f70fd9219

COCOAPODS: 1.15.2
